
Microsoft Visual Studio Solution File, Format Version 12.00
# Visual Studio Version 17
VisualStudioVersion = 17.0.31903.59
MinimumVisualStudioVersion = 10.0.40219.1
Project("{2150E333-8FDC-42A3-9474-1A3956D46DE8}") = "apps", "apps", "{1787FE1D-075E-9E68-7218-25F1BD1BBEAB}"
EndProject
Project("{2150E333-8FDC-42A3-9474-1A3956D46DE8}") = "api", "api", "{BC2D172B-13BC-136C-CDB1-4B1A687208C4}"
EndProject
Project("{2150E333-8FDC-42A3-9474-1A3956D46DE8}") = "src", "src", "{5297E159-35AB-900F-0FBF-1931F1997C37}"
EndProject
Project("{FAE04EC0-301F-11D3-BF4B-00C04F79EFBC}") = "Analytics.Api", "src\Analytics.Api\Analytics.Api.csproj", "{CA41CD55-7695-49CE-821B-BB60CAE01AA4}"
EndProject
Project("{2150E333-8FDC-42A3-9474-1A3956D46DE8}") = "BuildingBlocks", "BuildingBlocks", "{8E1C70A0-CA9B-D1E2-79C7-B0FE725E3C91}"
EndProject
Project("{FAE04EC0-301F-11D3-BF4B-00C04F79EFBC}") = "Contracts", "src\BuildingBlocks\Contracts\Contracts.csproj", "{F4C79B1A-11E0-402C-94FE-355BA06DF4CD}"
EndProject
Project("{FAE04EC0-301F-11D3-BF4B-00C04F79EFBC}") = "Infrastructure", "src\BuildingBlocks\Infrastructure\Infrastructure.csproj", "{CC84A025-2335-4C63-9442-EE8A55E88F4D}"
EndProject
Project("{FAE04EC0-301F-11D3-BF4B-00C04F79EFBC}") = "Utilities", "src\BuildingBlocks\Utilities\Utilities.csproj", "{D715F0F9-1D65-49C0-A7BF-BD2970A941C9}"
EndProject
Project("{FAE04EC0-301F-11D3-BF4B-00C04F79EFBC}") = "EventProcessor", "src\EventProcessor\EventProcessor.csproj", "{6E7C1F53-903C-467A-B75C-B5D0644A5477}"
EndProject
Project("{FAE04EC0-301F-11D3-BF4B-00C04F79EFBC}") = "Identity.Api", "src\Identity.Api\Identity.Api.csproj", "{821D836D-D2D2-47C7-9812-9BC0F81B147D}"
EndProject
Project("{FAE04EC0-301F-11D3-BF4B-00C04F79EFBC}") = "Ingestion.Api", "src\Ingestion.Api\Ingestion.Api.csproj", "{445601FE-DDC0-421B-8A43-7724B4A6D29B}"
EndProject
Project("{2150E333-8FDC-42A3-9474-1A3956D46DE8}") = "tests", "tests", "{0AB3BF05-4346-4AA6-1389-037BE0695223}"
EndProject
Project("{FAE04EC0-301F-11D3-BF4B-00C04F79EFBC}") = "Analytics.Api.Tests", "tests\Analytics.Api.Tests\Analytics.Api.Tests.csproj", "{4CAF1CCB-55F9-4207-B0FB-2A9D4DE1EF41}"
EndProject
Project("{2150E333-8FDC-42A3-9474-1A3956D46DE8}") = "src", "src", "{827E0CD3-B72D-47B6-A68D-7590B98EB39B}"
EndProject
Project("{2150E333-8FDC-42A3-9474-1A3956D46DE8}") = "EventProcessor.Tests", "EventProcessor.Tests", "{4371B132-3749-6F97-7916-E7D2F29775BA}"
EndProject
Project("{FAE04EC0-301F-11D3-BF4B-00C04F79EFBC}") = "EventProcessor.Tests", "tests\EventProcessor.Tests\EventProcessor.Tests\EventProcessor.Tests.csproj", "{3CE5CFD1-2A4A-40BC-BC85-A1692F2D5217}"
EndProject
Project("{2150E333-8FDC-42A3-9474-1A3956D46DE8}") = "BuildingBlocks", "BuildingBlocks", "{90298CBA-BD6F-3A0A-69D5-97CAD7B05E7E}"
EndProject
Global
	GlobalSection(SolutionConfigurationPlatforms) = preSolution
		Debug|Any CPU = Debug|Any CPU
		Debug|x64 = Debug|x64
		Debug|x86 = Debug|x86
		Release|Any CPU = Release|Any CPU
		Release|x64 = Release|x64
		Release|x86 = Release|x86
	EndGlobalSection
	GlobalSection(ProjectConfigurationPlatforms) = postSolution
		{CA41CD55-7695-49CE-821B-BB60CAE01AA4}.Debug|Any CPU.ActiveCfg = Debug|Any CPU
		{CA41CD55-7695-49CE-821B-BB60CAE01AA4}.Debug|Any CPU.Build.0 = Debug|Any CPU
		{CA41CD55-7695-49CE-821B-BB60CAE01AA4}.Debug|x64.ActiveCfg = Debug|Any CPU
		{CA41CD55-7695-49CE-821B-BB60CAE01AA4}.Debug|x64.Build.0 = Debug|Any CPU
		{CA41CD55-7695-49CE-821B-BB60CAE01AA4}.Debug|x86.ActiveCfg = Debug|Any CPU
		{CA41CD55-7695-49CE-821B-BB60CAE01AA4}.Debug|x86.Build.0 = Debug|Any CPU
		{CA41CD55-7695-49CE-821B-BB60CAE01AA4}.Release|Any CPU.ActiveCfg = Release|Any CPU
		{CA41CD55-7695-49CE-821B-BB60CAE01AA4}.Release|Any CPU.Build.0 = Release|Any CPU
		{CA41CD55-7695-49CE-821B-BB60CAE01AA4}.Release|x64.ActiveCfg = Release|Any CPU
		{CA41CD55-7695-49CE-821B-BB60CAE01AA4}.Release|x64.Build.0 = Release|Any CPU
		{CA41CD55-7695-49CE-821B-BB60CAE01AA4}.Release|x86.ActiveCfg = Release|Any CPU
		{CA41CD55-7695-49CE-821B-BB60CAE01AA4}.Release|x86.Build.0 = Release|Any CPU
		{F4C79B1A-11E0-402C-94FE-355BA06DF4CD}.Debug|Any CPU.ActiveCfg = Debug|Any CPU
		{F4C79B1A-11E0-402C-94FE-355BA06DF4CD}.Debug|Any CPU.Build.0 = Debug|Any CPU
		{F4C79B1A-11E0-402C-94FE-355BA06DF4CD}.Debug|x64.ActiveCfg = Debug|Any CPU
		{F4C79B1A-11E0-402C-94FE-355BA06DF4CD}.Debug|x64.Build.0 = Debug|Any CPU
		{F4C79B1A-11E0-402C-94FE-355BA06DF4CD}.Debug|x86.ActiveCfg = Debug|Any CPU
		{F4C79B1A-11E0-402C-94FE-355BA06DF4CD}.Debug|x86.Build.0 = Debug|Any CPU
		{F4C79B1A-11E0-402C-94FE-355BA06DF4CD}.Release|Any CPU.ActiveCfg = Release|Any CPU
		{F4C79B1A-11E0-402C-94FE-355BA06DF4CD}.Release|Any CPU.Build.0 = Release|Any CPU
		{F4C79B1A-11E0-402C-94FE-355BA06DF4CD}.Release|x64.ActiveCfg = Release|Any CPU
		{F4C79B1A-11E0-402C-94FE-355BA06DF4CD}.Release|x64.Build.0 = Release|Any CPU
		{F4C79B1A-11E0-402C-94FE-355BA06DF4CD}.Release|x86.ActiveCfg = Release|Any CPU
		{F4C79B1A-11E0-402C-94FE-355BA06DF4CD}.Release|x86.Build.0 = Release|Any CPU
		{CC84A025-2335-4C63-9442-EE8A55E88F4D}.Debug|Any CPU.ActiveCfg = Debug|Any CPU
		{CC84A025-2335-4C63-9442-EE8A55E88F4D}.Debug|Any CPU.Build.0 = Debug|Any CPU
		{CC84A025-2335-4C63-9442-EE8A55E88F4D}.Debug|x64.ActiveCfg = Debug|Any CPU
		{CC84A025-2335-4C63-9442-EE8A55E88F4D}.Debug|x64.Build.0 = Debug|Any CPU
		{CC84A025-2335-4C63-9442-EE8A55E88F4D}.Debug|x86.ActiveCfg = Debug|Any CPU
		{CC84A025-2335-4C63-9442-EE8A55E88F4D}.Debug|x86.Build.0 = Debug|Any CPU
		{CC84A025-2335-4C63-9442-EE8A55E88F4D}.Release|Any CPU.ActiveCfg = Release|Any CPU
		{CC84A025-2335-4C63-9442-EE8A55E88F4D}.Release|Any CPU.Build.0 = Release|Any CPU
		{CC84A025-2335-4C63-9442-EE8A55E88F4D}.Release|x64.ActiveCfg = Release|Any CPU
		{CC84A025-2335-4C63-9442-EE8A55E88F4D}.Release|x64.Build.0 = Release|Any CPU
		{CC84A025-2335-4C63-9442-EE8A55E88F4D}.Release|x86.ActiveCfg = Release|Any CPU
		{CC84A025-2335-4C63-9442-EE8A55E88F4D}.Release|x86.Build.0 = Release|Any CPU
		{D715F0F9-1D65-49C0-A7BF-BD2970A941C9}.Debug|Any CPU.ActiveCfg = Debug|Any CPU
		{D715F0F9-1D65-49C0-A7BF-BD2970A941C9}.Debug|Any CPU.Build.0 = Debug|Any CPU
		{D715F0F9-1D65-49C0-A7BF-BD2970A941C9}.Debug|x64.ActiveCfg = Debug|Any CPU
		{D715F0F9-1D65-49C0-A7BF-BD2970A941C9}.Debug|x64.Build.0 = Debug|Any CPU
		{D715F0F9-1D65-49C0-A7BF-BD2970A941C9}.Debug|x86.ActiveCfg = Debug|Any CPU
		{D715F0F9-1D65-49C0-A7BF-BD2970A941C9}.Debug|x86.Build.0 = Debug|Any CPU
		{D715F0F9-1D65-49C0-A7BF-BD2970A941C9}.Release|Any CPU.ActiveCfg = Release|Any CPU
		{D715F0F9-1D65-49C0-A7BF-BD2970A941C9}.Release|Any CPU.Build.0 = Release|Any CPU
		{D715F0F9-1D65-49C0-A7BF-BD2970A941C9}.Release|x64.ActiveCfg = Release|Any CPU
		{D715F0F9-1D65-49C0-A7BF-BD2970A941C9}.Release|x64.Build.0 = Release|Any CPU
		{D715F0F9-1D65-49C0-A7BF-BD2970A941C9}.Release|x86.ActiveCfg = Release|Any CPU
		{D715F0F9-1D65-49C0-A7BF-BD2970A941C9}.Release|x86.Build.0 = Release|Any CPU
		{6E7C1F53-903C-467A-B75C-B5D0644A5477}.Debug|Any CPU.ActiveCfg = Debug|Any CPU
		{6E7C1F53-903C-467A-B75C-B5D0644A5477}.Debug|Any CPU.Build.0 = Debug|Any CPU
		{6E7C1F53-903C-467A-B75C-B5D0644A5477}.Debug|x64.ActiveCfg = Debug|Any CPU
		{6E7C1F53-903C-467A-B75C-B5D0644A5477}.Debug|x64.Build.0 = Debug|Any CPU
		{6E7C1F53-903C-467A-B75C-B5D0644A5477}.Debug|x86.ActiveCfg = Debug|Any CPU
		{6E7C1F53-903C-467A-B75C-B5D0644A5477}.Debug|x86.Build.0 = Debug|Any CPU
		{6E7C1F53-903C-467A-B75C-B5D0644A5477}.Release|Any CPU.ActiveCfg = Release|Any CPU
		{6E7C1F53-903C-467A-B75C-B5D0644A5477}.Release|Any CPU.Build.0 = Release|Any CPU
		{6E7C1F53-903C-467A-B75C-B5D0644A5477}.Release|x64.ActiveCfg = Release|Any CPU
		{6E7C1F53-903C-467A-B75C-B5D0644A5477}.Release|x64.Build.0 = Release|Any CPU
		{6E7C1F53-903C-467A-B75C-B5D0644A5477}.Release|x86.ActiveCfg = Release|Any CPU
		{6E7C1F53-903C-467A-B75C-B5D0644A5477}.Release|x86.Build.0 = Release|Any CPU
		{821D836D-D2D2-47C7-9812-9BC0F81B147D}.Debug|Any CPU.ActiveCfg = Debug|Any CPU
		{821D836D-D2D2-47C7-9812-9BC0F81B147D}.Debug|Any CPU.Build.0 = Debug|Any CPU
		{821D836D-D2D2-47C7-9812-9BC0F81B147D}.Debug|x64.ActiveCfg = Debug|Any CPU
		{821D836D-D2D2-47C7-9812-9BC0F81B147D}.Debug|x64.Build.0 = Debug|Any CPU
		{821D836D-D2D2-47C7-9812-9BC0F81B147D}.Debug|x86.ActiveCfg = Debug|Any CPU
		{821D836D-D2D2-47C7-9812-9BC0F81B147D}.Debug|x86.Build.0 = Debug|Any CPU
		{821D836D-D2D2-47C7-9812-9BC0F81B147D}.Release|Any CPU.ActiveCfg = Release|Any CPU
		{821D836D-D2D2-47C7-9812-9BC0F81B147D}.Release|Any CPU.Build.0 = Release|Any CPU
		{821D836D-D2D2-47C7-9812-9BC0F81B147D}.Release|x64.ActiveCfg = Release|Any CPU
		{821D836D-D2D2-47C7-9812-9BC0F81B147D}.Release|x64.Build.0 = Release|Any CPU
		{821D836D-D2D2-47C7-9812-9BC0F81B147D}.Release|x86.ActiveCfg = Release|Any CPU
		{821D836D-D2D2-47C7-9812-9BC0F81B147D}.Release|x86.Build.0 = Release|Any CPU
		{445601FE-DDC0-421B-8A43-7724B4A6D29B}.Debug|Any CPU.ActiveCfg = Debug|Any CPU
		{445601FE-DDC0-421B-8A43-7724B4A6D29B}.Debug|Any CPU.Build.0 = Debug|Any CPU
		{445601FE-DDC0-421B-8A43-7724B4A6D29B}.Debug|x64.ActiveCfg = Debug|Any CPU
		{445601FE-DDC0-421B-8A43-7724B4A6D29B}.Debug|x64.Build.0 = Debug|Any CPU
		{445601FE-DDC0-421B-8A43-7724B4A6D29B}.Debug|x86.ActiveCfg = Debug|Any CPU
		{445601FE-DDC0-421B-8A43-7724B4A6D29B}.Debug|x86.Build.0 = Debug|Any CPU
		{445601FE-DDC0-421B-8A43-7724B4A6D29B}.Release|Any CPU.ActiveCfg = Release|Any CPU
		{445601FE-DDC0-421B-8A43-7724B4A6D29B}.Release|Any CPU.Build.0 = Release|Any CPU
		{445601FE-DDC0-421B-8A43-7724B4A6D29B}.Release|x64.ActiveCfg = Release|Any CPU
		{445601FE-DDC0-421B-8A43-7724B4A6D29B}.Release|x64.Build.0 = Release|Any CPU
		{445601FE-DDC0-421B-8A43-7724B4A6D29B}.Release|x86.ActiveCfg = Release|Any CPU
		{445601FE-DDC0-421B-8A43-7724B4A6D29B}.Release|x86.Build.0 = Release|Any CPU
		{4CAF1CCB-55F9-4207-B0FB-2A9D4DE1EF41}.Debug|Any CPU.ActiveCfg = Debug|Any CPU
		{4CAF1CCB-55F9-4207-B0FB-2A9D4DE1EF41}.Debug|Any CPU.Build.0 = Debug|Any CPU
		{4CAF1CCB-55F9-4207-B0FB-2A9D4DE1EF41}.Debug|x64.ActiveCfg = Debug|Any CPU
		{4CAF1CCB-55F9-4207-B0FB-2A9D4DE1EF41}.Debug|x64.Build.0 = Debug|Any CPU
		{4CAF1CCB-55F9-4207-B0FB-2A9D4DE1EF41}.Debug|x86.ActiveCfg = Debug|Any CPU
		{4CAF1CCB-55F9-4207-B0FB-2A9D4DE1EF41}.Debug|x86.Build.0 = Debug|Any CPU
		{4CAF1CCB-55F9-4207-B0FB-2A9D4DE1EF41}.Release|Any CPU.ActiveCfg = Release|Any CPU
		{4CAF1CCB-55F9-4207-B0FB-2A9D4DE1EF41}.Release|Any CPU.Build.0 = Release|Any CPU
		{4CAF1CCB-55F9-4207-B0FB-2A9D4DE1EF41}.Release|x64.ActiveCfg = Release|Any CPU
		{4CAF1CCB-55F9-4207-B0FB-2A9D4DE1EF41}.Release|x64.Build.0 = Release|Any CPU
		{4CAF1CCB-55F9-4207-B0FB-2A9D4DE1EF41}.Release|x86.ActiveCfg = Release|Any CPU
		{4CAF1CCB-55F9-4207-B0FB-2A9D4DE1EF41}.Release|x86.Build.0 = Release|Any CPU
		{3CE5CFD1-2A4A-40BC-BC85-A1692F2D5217}.Debug|Any CPU.ActiveCfg = Debug|Any CPU
		{3CE5CFD1-2A4A-40BC-BC85-A1692F2D5217}.Debug|Any CPU.Build.0 = Debug|Any CPU
		{3CE5CFD1-2A4A-40BC-BC85-A1692F2D5217}.Debug|x64.ActiveCfg = Debug|Any CPU
		{3CE5CFD1-2A4A-40BC-BC85-A1692F2D5217}.Debug|x64.Build.0 = Debug|Any CPU
		{3CE5CFD1-2A4A-40BC-BC85-A1692F2D5217}.Debug|x86.ActiveCfg = Debug|Any CPU
		{3CE5CFD1-2A4A-40BC-BC85-A1692F2D5217}.Debug|x86.Build.0 = Debug|Any CPU
		{3CE5CFD1-2A4A-40BC-BC85-A1692F2D5217}.Release|Any CPU.ActiveCfg = Release|Any CPU
		{3CE5CFD1-2A4A-40BC-BC85-A1692F2D5217}.Release|Any CPU.Build.0 = Release|Any CPU
		{3CE5CFD1-2A4A-40BC-BC85-A1692F2D5217}.Release|x64.ActiveCfg = Release|Any CPU
		{3CE5CFD1-2A4A-40BC-BC85-A1692F2D5217}.Release|x64.Build.0 = Release|Any CPU
		{3CE5CFD1-2A4A-40BC-BC85-A1692F2D5217}.Release|x86.ActiveCfg = Release|Any CPU
		{3CE5CFD1-2A4A-40BC-BC85-A1692F2D5217}.Release|x86.Build.0 = Release|Any CPU
	EndGlobalSection
	GlobalSection(SolutionProperties) = preSolution
		HideSolutionNode = FALSE
	EndGlobalSection
	GlobalSection(NestedProjects) = preSolution
		{BC2D172B-13BC-136C-CDB1-4B1A687208C4} = {1787FE1D-075E-9E68-7218-25F1BD1BBEAB}
		{5297E159-35AB-900F-0FBF-1931F1997C37} = {BC2D172B-13BC-136C-CDB1-4B1A687208C4}
		{CA41CD55-7695-49CE-821B-BB60CAE01AA4} = {5297E159-35AB-900F-0FBF-1931F1997C37}
		{8E1C70A0-CA9B-D1E2-79C7-B0FE725E3C91} = {5297E159-35AB-900F-0FBF-1931F1997C37}
		{F4C79B1A-11E0-402C-94FE-355BA06DF4CD} = {8E1C70A0-CA9B-D1E2-79C7-B0FE725E3C91}
		{CC84A025-2335-4C63-9442-EE8A55E88F4D} = {8E1C70A0-CA9B-D1E2-79C7-B0FE725E3C91}
		{D715F0F9-1D65-49C0-A7BF-BD2970A941C9} = {8E1C70A0-CA9B-D1E2-79C7-B0FE725E3C91}
		{6E7C1F53-903C-467A-B75C-B5D0644A5477} = {5297E159-35AB-900F-0FBF-1931F1997C37}
		{821D836D-D2D2-47C7-9812-9BC0F81B147D} = {5297E159-35AB-900F-0FBF-1931F1997C37}
		{445601FE-DDC0-421B-8A43-7724B4A6D29B} = {5297E159-35AB-900F-0FBF-1931F1997C37}
		{4CAF1CCB-55F9-4207-B0FB-2A9D4DE1EF41} = {0AB3BF05-4346-4AA6-1389-037BE0695223}
		{4371B132-3749-6F97-7916-E7D2F29775BA} = {0AB3BF05-4346-4AA6-1389-037BE0695223}
		{3CE5CFD1-2A4A-40BC-BC85-A1692F2D5217} = {4371B132-3749-6F97-7916-E7D2F29775BA}
		{90298CBA-BD6F-3A0A-69D5-97CAD7B05E7E} = {827E0CD3-B72D-47B6-A68D-7590B98EB39B}
	EndGlobalSection
EndGlobal
